
Microsoft Visual Studio Solution File, Format Version 12.00
# Visual Studio Version 16
VisualStudioVersion = 16.0.33801.447
MinimumVisualStudioVersion = 10.0.40219.1
Project("{FAE04EC0-301F-11D3-BF4B-00C04F79EFBC}") = "MyFirstProject", "MyFirstProject.csproj", "{9A35A21A-4499-49CF-8404-2DEB9A232112}"
EndProject
Global
	GlobalSection(SolutionConfigurationPlatforms) = preSolution
		Debug|Any CPU = Debug|Any CPU
		Release|Any CPU = Release|Any CPU
	EndGlobalSection
	GlobalSection(ProjectConfigurationPlatforms) = postSolution
		{9A35A21A-4499-49CF-8404-2DEB9A232112}.Debug|Any CPU.ActiveCfg = Debug|Any CPU
		{9A35A21A-4499-49CF-8404-2DEB9A232112}.Debug|Any CPU.Build.0 = Debug|Any CPU
		{9A35A21A-4499-49CF-8404-2DEB9A232112}.Release|Any CPU.ActiveCfg = Release|Any CPU
		{9A35A21A-4499-49CF-8404-2DEB9A232112}.Release|Any CPU.Build.0 = Release|Any CPU
	EndGlobalSection
	GlobalSection(SolutionProperties) = preSolution
		HideSolutionNode = FALSE
	EndGlobalSection
	GlobalSection(ExtensibilityGlobals) = postSolution
		SolutionGuid = {EF649713-1DAF-4D7A-881F-19C6E08381F8}
	EndGlobalSection
EndGlobal
