
Microsoft Visual Studio Solution File, Format Version 12.00
# Visual Studio Version 16
VisualStudioVersion = 16.0.33801.447
MinimumVisualStudioVersion = 10.0.40219.1
Project("{FAE04EC0-301F-11D3-BF4B-00C04F79EFBC}") = "DayThreeProject3", "DayThreeProject3.csproj", "{63FA80E0-988D-48D1-BB97-E0DA8E40E32C}"
EndProject
Global
	GlobalSection(SolutionConfigurationPlatforms) = preSolution
		Debug|Any CPU = Debug|Any CPU
		Release|Any CPU = Release|Any CPU
	EndGlobalSection
	GlobalSection(ProjectConfigurationPlatforms) = postSolution
		{63FA80E0-988D-48D1-BB97-E0DA8E40E32C}.Debug|Any CPU.ActiveCfg = Debug|Any CPU
		{63FA80E0-988D-48D1-BB97-E0DA8E40E32C}.Debug|Any CPU.Build.0 = Debug|Any CPU
		{63FA80E0-988D-48D1-BB97-E0DA8E40E32C}.Release|Any CPU.ActiveCfg = Release|Any CPU
		{63FA80E0-988D-48D1-BB97-E0DA8E40E32C}.Release|Any CPU.Build.0 = Release|Any CPU
	EndGlobalSection
	GlobalSection(SolutionProperties) = preSolution
		HideSolutionNode = FALSE
	EndGlobalSection
	GlobalSection(ExtensibilityGlobals) = postSolution
		SolutionGuid = {4ED9387E-5DEE-41B4-BA93-61EA0B4DB6A7}
	EndGlobalSection
EndGlobal
